
Microsoft Visual Studio Solution File, Format Version 12.00
# Visual Studio 2013
VisualStudioVersion = 12.0.40629.0
MinimumVisualStudioVersion = 10.0.40219.1
Project("{FAE04EC0-301F-11D3-BF4B-00C04F79EFBC}") = "Owf.Controls.A1Panel", "Owf.Controls.A1Panel\Owf.Controls.A1Panel.csproj", "{0CCB7147-6EEC-4CC6-923B-99632A556F17}"
EndProject
Project("{FAE04EC0-301F-11D3-BF4B-00C04F79EFBC}") = "GlassButton", "GlassButton\GlassButton.csproj", "{73A80AFA-C186-477A-A564-6936605AB6F0}"
EndProject
Project("{FAE04EC0-301F-11D3-BF4B-00C04F79EFBC}") = "GSM", "GSM\GSM.csproj", "{73AC34C5-1A26-4E6C-A850-21F536B0ADAC}"
EndProject
Project("{FAE04EC0-301F-11D3-BF4B-00C04F79EFBC}") = "Owf.Controls.DigitalDisplayControl", "Owf.Controls.DigitalDisplayControl\Owf.Controls.DigitalDisplayControl.csproj", "{5D082F88-4290-4049-9984-FCB126A7BD4E}"
EndProject
Project("{FAE04EC0-301F-11D3-BF4B-00C04F79EFBC}") = "ShowCurve", "ShowCurve\ShowCurve.csproj", "{4300A92C-2BBC-4DE1-80CD-FA4F78305971}"
EndProject
Project("{FAE04EC0-301F-11D3-BF4B-00C04F79EFBC}") = "BLL", "BLL\BLL.csproj", "{38D7AA58-C95B-449B-86C6-A8073A56E11F}"
EndProject
Project("{FAE04EC0-301F-11D3-BF4B-00C04F79EFBC}") = "DAL", "DAL\DAL.csproj", "{9FE00521-3A8B-42B1-814E-585E99407B2E}"
EndProject
Project("{FAE04EC0-301F-11D3-BF4B-00C04F79EFBC}") = "DBUtility", "DBUtility\DBUtility.csproj", "{0988C62E-247F-471F-A183-DB509C7A3839}"
EndProject
Project("{FAE04EC0-301F-11D3-BF4B-00C04F79EFBC}") = "Model", "Model\Model.csproj", "{53995DBB-9836-4647-AD22-865884FDEB9E}"
EndProject
Project("{FAE04EC0-301F-11D3-BF4B-00C04F79EFBC}") = "InstallDB", "InstallDB\InstallDB.csproj", "{6D709A49-19D3-4DD6-A5F7-8B0D65EEE80C}"
EndProject
Project("{6141683F-8A12-4E36-9623-2EB02B2C2303}") = "GO-DEXSetup", "GO-DEXSetup\GO-DEXSetup.isproj", "{6B54E2CC-9A13-45BB-98E7-5F0BC1CC7D2C}"
EndProject
Project("{FAE04EC0-301F-11D3-BF4B-00C04F79EFBC}") = "GoDexWPFB", "GoDexWPFB\GoDexWPFB.csproj", "{8B2E5D28-881F-4DAF-ABBD-68F2D4F6CEA7}"
EndProject
Project("{FAE04EC0-301F-11D3-BF4B-00C04F79EFBC}") = "Maticsoft.Common", "Matisoft\Maticsoft.Common.csproj", "{8BC634CE-D9B9-4405-8ED5-411CCF0C92C5}"
EndProject
Project("{FAE04EC0-301F-11D3-BF4B-00C04F79EFBC}") = "GoDex", "GoDex\GoDex.csproj", "{98695DAA-CDB7-4175-91D7-3FB0EDEB303B}"
EndProject
Global
	GlobalSection(SolutionConfigurationPlatforms) = preSolution
		CD_ROM|Any CPU = CD_ROM|Any CPU
		CD_ROM|Mixed Platforms = CD_ROM|Mixed Platforms
		CD_ROM|x64 = CD_ROM|x64
		CD_ROM|x86 = CD_ROM|x86
		Debug|Any CPU = Debug|Any CPU
		Debug|Mixed Platforms = Debug|Mixed Platforms
		Debug|x64 = Debug|x64
		Debug|x86 = Debug|x86
		DVD-5|Any CPU = DVD-5|Any CPU
		DVD-5|Mixed Platforms = DVD-5|Mixed Platforms
		DVD-5|x64 = DVD-5|x64
		DVD-5|x86 = DVD-5|x86
		Release|Any CPU = Release|Any CPU
		Release|Mixed Platforms = Release|Mixed Platforms
		Release|x64 = Release|x64
		Release|x86 = Release|x86
		SingleImage|Any CPU = SingleImage|Any CPU
		SingleImage|Mixed Platforms = SingleImage|Mixed Platforms
		SingleImage|x64 = SingleImage|x64
		SingleImage|x86 = SingleImage|x86
	EndGlobalSection
	GlobalSection(ProjectConfigurationPlatforms) = postSolution
		{0CCB7147-6EEC-4CC6-923B-99632A556F17}.CD_ROM|Any CPU.ActiveCfg = Release|Any CPU
		{0CCB7147-6EEC-4CC6-923B-99632A556F17}.CD_ROM|Any CPU.Build.0 = Release|Any CPU
		{0CCB7147-6EEC-4CC6-923B-99632A556F17}.CD_ROM|Mixed Platforms.ActiveCfg = Release|Any CPU
		{0CCB7147-6EEC-4CC6-923B-99632A556F17}.CD_ROM|Mixed Platforms.Build.0 = Release|Any CPU
		{0CCB7147-6EEC-4CC6-923B-99632A556F17}.CD_ROM|x64.ActiveCfg = Release|Any CPU
		{0CCB7147-6EEC-4CC6-923B-99632A556F17}.CD_ROM|x86.ActiveCfg = Release|Any CPU
		{0CCB7147-6EEC-4CC6-923B-99632A556F17}.Debug|Any CPU.ActiveCfg = Debug|Any CPU
		{0CCB7147-6EEC-4CC6-923B-99632A556F17}.Debug|Any CPU.Build.0 = Debug|Any CPU
		{0CCB7147-6EEC-4CC6-923B-99632A556F17}.Debug|Mixed Platforms.ActiveCfg = Debug|Any CPU
		{0CCB7147-6EEC-4CC6-923B-99632A556F17}.Debug|Mixed Platforms.Build.0 = Debug|Any CPU
		{0CCB7147-6EEC-4CC6-923B-99632A556F17}.Debug|x64.ActiveCfg = Debug|Any CPU
		{0CCB7147-6EEC-4CC6-923B-99632A556F17}.Debug|x86.ActiveCfg = Debug|Any CPU
		{0CCB7147-6EEC-4CC6-923B-99632A556F17}.DVD-5|Any CPU.ActiveCfg = Debug|Any CPU
		{0CCB7147-6EEC-4CC6-923B-99632A556F17}.DVD-5|Any CPU.Build.0 = Debug|Any CPU
		{0CCB7147-6EEC-4CC6-923B-99632A556F17}.DVD-5|Mixed Platforms.ActiveCfg = Debug|Any CPU
		{0CCB7147-6EEC-4CC6-923B-99632A556F17}.DVD-5|Mixed Platforms.Build.0 = Debug|Any CPU
		{0CCB7147-6EEC-4CC6-923B-99632A556F17}.DVD-5|x64.ActiveCfg = Debug|Any CPU
		{0CCB7147-6EEC-4CC6-923B-99632A556F17}.DVD-5|x86.ActiveCfg = Debug|Any CPU
		{0CCB7147-6EEC-4CC6-923B-99632A556F17}.Release|Any CPU.ActiveCfg = Release|Any CPU
		{0CCB7147-6EEC-4CC6-923B-99632A556F17}.Release|Any CPU.Build.0 = Release|Any CPU
		{0CCB7147-6EEC-4CC6-923B-99632A556F17}.Release|Mixed Platforms.ActiveCfg = Release|Any CPU
		{0CCB7147-6EEC-4CC6-923B-99632A556F17}.Release|Mixed Platforms.Build.0 = Release|Any CPU
		{0CCB7147-6EEC-4CC6-923B-99632A556F17}.Release|x64.ActiveCfg = Release|Any CPU
		{0CCB7147-6EEC-4CC6-923B-99632A556F17}.Release|x86.ActiveCfg = Release|Any CPU
		{0CCB7147-6EEC-4CC6-923B-99632A556F17}.SingleImage|Any CPU.ActiveCfg = Release|Any CPU
		{0CCB7147-6EEC-4CC6-923B-99632A556F17}.SingleImage|Any CPU.Build.0 = Release|Any CPU
		{0CCB7147-6EEC-4CC6-923B-99632A556F17}.SingleImage|Mixed Platforms.ActiveCfg = Release|Any CPU
		{0CCB7147-6EEC-4CC6-923B-99632A556F17}.SingleImage|Mixed Platforms.Build.0 = Release|Any CPU
		{0CCB7147-6EEC-4CC6-923B-99632A556F17}.SingleImage|x64.ActiveCfg = Release|Any CPU
		{0CCB7147-6EEC-4CC6-923B-99632A556F17}.SingleImage|x86.ActiveCfg = Release|Any CPU
		{73A80AFA-C186-477A-A564-6936605AB6F0}.CD_ROM|Any CPU.ActiveCfg = Release|Any CPU
		{73A80AFA-C186-477A-A564-6936605AB6F0}.CD_ROM|Any CPU.Build.0 = Release|Any CPU
		{73A80AFA-C186-477A-A564-6936605AB6F0}.CD_ROM|Mixed Platforms.ActiveCfg = Release|Any CPU
		{73A80AFA-C186-477A-A564-6936605AB6F0}.CD_ROM|Mixed Platforms.Build.0 = Release|Any CPU
		{73A80AFA-C186-477A-A564-6936605AB6F0}.CD_ROM|x64.ActiveCfg = Release|Any CPU
		{73A80AFA-C186-477A-A564-6936605AB6F0}.CD_ROM|x86.ActiveCfg = Release|Any CPU
		{73A80AFA-C186-477A-A564-6936605AB6F0}.Debug|Any CPU.ActiveCfg = Debug|Any CPU
		{73A80AFA-C186-477A-A564-6936605AB6F0}.Debug|Any CPU.Build.0 = Debug|Any CPU
		{73A80AFA-C186-477A-A564-6936605AB6F0}.Debug|Mixed Platforms.ActiveCfg = Debug|Any CPU
		{73A80AFA-C186-477A-A564-6936605AB6F0}.Debug|Mixed Platforms.Build.0 = Debug|Any CPU
		{73A80AFA-C186-477A-A564-6936605AB6F0}.Debug|x64.ActiveCfg = Debug|Any CPU
		{73A80AFA-C186-477A-A564-6936605AB6F0}.Debug|x86.ActiveCfg = Debug|Any CPU
		{73A80AFA-C186-477A-A564-6936605AB6F0}.DVD-5|Any CPU.ActiveCfg = Debug|Any CPU
		{73A80AFA-C186-477A-A564-6936605AB6F0}.DVD-5|Any CPU.Build.0 = Debug|Any CPU
		{73A80AFA-C186-477A-A564-6936605AB6F0}.DVD-5|Mixed Platforms.ActiveCfg = Debug|Any CPU
		{73A80AFA-C186-477A-A564-6936605AB6F0}.DVD-5|Mixed Platforms.Build.0 = Debug|Any CPU
		{73A80AFA-C186-477A-A564-6936605AB6F0}.DVD-5|x64.ActiveCfg = Debug|Any CPU
		{73A80AFA-C186-477A-A564-6936605AB6F0}.DVD-5|x86.ActiveCfg = Debug|Any CPU
		{73A80AFA-C186-477A-A564-6936605AB6F0}.Release|Any CPU.ActiveCfg = Release|Any CPU
		{73A80AFA-C186-477A-A564-6936605AB6F0}.Release|Any CPU.Build.0 = Release|Any CPU
		{73A80AFA-C186-477A-A564-6936605AB6F0}.Release|Mixed Platforms.ActiveCfg = Release|Any CPU
		{73A80AFA-C186-477A-A564-6936605AB6F0}.Release|Mixed Platforms.Build.0 = Release|Any CPU
		{73A80AFA-C186-477A-A564-6936605AB6F0}.Release|x64.ActiveCfg = Release|Any CPU
		{73A80AFA-C186-477A-A564-6936605AB6F0}.Release|x86.ActiveCfg = Release|Any CPU
		{73A80AFA-C186-477A-A564-6936605AB6F0}.SingleImage|Any CPU.ActiveCfg = Release|Any CPU
		{73A80AFA-C186-477A-A564-6936605AB6F0}.SingleImage|Any CPU.Build.0 = Release|Any CPU
		{73A80AFA-C186-477A-A564-6936605AB6F0}.SingleImage|Mixed Platforms.ActiveCfg = Release|Any CPU
		{73A80AFA-C186-477A-A564-6936605AB6F0}.SingleImage|Mixed Platforms.Build.0 = Release|Any CPU
		{73A80AFA-C186-477A-A564-6936605AB6F0}.SingleImage|x64.ActiveCfg = Release|Any CPU
		{73A80AFA-C186-477A-A564-6936605AB6F0}.SingleImage|x86.ActiveCfg = Release|Any CPU
		{73AC34C5-1A26-4E6C-A850-21F536B0ADAC}.CD_ROM|Any CPU.ActiveCfg = Release|Any CPU
		{73AC34C5-1A26-4E6C-A850-21F536B0ADAC}.CD_ROM|Any CPU.Build.0 = Release|Any CPU
		{73AC34C5-1A26-4E6C-A850-21F536B0ADAC}.CD_ROM|Mixed Platforms.ActiveCfg = Release|Any CPU
		{73AC34C5-1A26-4E6C-A850-21F536B0ADAC}.CD_ROM|Mixed Platforms.Build.0 = Release|Any CPU
		{73AC34C5-1A26-4E6C-A850-21F536B0ADAC}.CD_ROM|x64.ActiveCfg = Release|Any CPU
		{73AC34C5-1A26-4E6C-A850-21F536B0ADAC}.CD_ROM|x86.ActiveCfg = Release|Any CPU
		{73AC34C5-1A26-4E6C-A850-21F536B0ADAC}.Debug|Any CPU.ActiveCfg = Debug|Any CPU
		{73AC34C5-1A26-4E6C-A850-21F536B0ADAC}.Debug|Any CPU.Build.0 = Debug|Any CPU
		{73AC34C5-1A26-4E6C-A850-21F536B0ADAC}.Debug|Mixed Platforms.ActiveCfg = Debug|Any CPU
		{73AC34C5-1A26-4E6C-A850-21F536B0ADAC}.Debug|Mixed Platforms.Build.0 = Debug|Any CPU
		{73AC34C5-1A26-4E6C-A850-21F536B0ADAC}.Debug|x64.ActiveCfg = Debug|Any CPU
		{73AC34C5-1A26-4E6C-A850-21F536B0ADAC}.Debug|x86.ActiveCfg = Debug|Any CPU
		{73AC34C5-1A26-4E6C-A850-21F536B0ADAC}.DVD-5|Any CPU.ActiveCfg = Debug|Any CPU
		{73AC34C5-1A26-4E6C-A850-21F536B0ADAC}.DVD-5|Any CPU.Build.0 = Debug|Any CPU
		{73AC34C5-1A26-4E6C-A850-21F536B0ADAC}.DVD-5|Mixed Platforms.ActiveCfg = Debug|Any CPU
		{73AC34C5-1A26-4E6C-A850-21F536B0ADAC}.DVD-5|Mixed Platforms.Build.0 = Debug|Any CPU
		{73AC34C5-1A26-4E6C-A850-21F536B0ADAC}.DVD-5|x64.ActiveCfg = Debug|Any CPU
		{73AC34C5-1A26-4E6C-A850-21F536B0ADAC}.DVD-5|x86.ActiveCfg = Debug|Any CPU
		{73AC34C5-1A26-4E6C-A850-21F536B0ADAC}.Release|Any CPU.ActiveCfg = Release|Any CPU
		{73AC34C5-1A26-4E6C-A850-21F536B0ADAC}.Release|Any CPU.Build.0 = Release|Any CPU
		{73AC34C5-1A26-4E6C-A850-21F536B0ADAC}.Release|Mixed Platforms.ActiveCfg = Release|Any CPU
		{73AC34C5-1A26-4E6C-A850-21F536B0ADAC}.Release|Mixed Platforms.Build.0 = Release|Any CPU
		{73AC34C5-1A26-4E6C-A850-21F536B0ADAC}.Release|x64.ActiveCfg = Release|Any CPU
		{73AC34C5-1A26-4E6C-A850-21F536B0ADAC}.Release|x86.ActiveCfg = Release|Any CPU
		{73AC34C5-1A26-4E6C-A850-21F536B0ADAC}.SingleImage|Any CPU.ActiveCfg = Release|Any CPU
		{73AC34C5-1A26-4E6C-A850-21F536B0ADAC}.SingleImage|Any CPU.Build.0 = Release|Any CPU
		{73AC34C5-1A26-4E6C-A850-21F536B0ADAC}.SingleImage|Mixed Platforms.ActiveCfg = Release|Any CPU
		{73AC34C5-1A26-4E6C-A850-21F536B0ADAC}.SingleImage|Mixed Platforms.Build.0 = Release|Any CPU
		{73AC34C5-1A26-4E6C-A850-21F536B0ADAC}.SingleImage|x64.ActiveCfg = Release|Any CPU
		{73AC34C5-1A26-4E6C-A850-21F536B0ADAC}.SingleImage|x86.ActiveCfg = Release|Any CPU
		{5D082F88-4290-4049-9984-FCB126A7BD4E}.CD_ROM|Any CPU.ActiveCfg = Release|Any CPU
		{5D082F88-4290-4049-9984-FCB126A7BD4E}.CD_ROM|Any CPU.Build.0 = Release|Any CPU
		{5D082F88-4290-4049-9984-FCB126A7BD4E}.CD_ROM|Mixed Platforms.ActiveCfg = Release|Any CPU
		{5D082F88-4290-4049-9984-FCB126A7BD4E}.CD_ROM|Mixed Platforms.Build.0 = Release|Any CPU
		{5D082F88-4290-4049-9984-FCB126A7BD4E}.CD_ROM|x64.ActiveCfg = Release|Any CPU
		{5D082F88-4290-4049-9984-FCB126A7BD4E}.CD_ROM|x86.ActiveCfg = Release|Any CPU
		{5D082F88-4290-4049-9984-FCB126A7BD4E}.Debug|Any CPU.ActiveCfg = Debug|Any CPU
		{5D082F88-4290-4049-9984-FCB126A7BD4E}.Debug|Any CPU.Build.0 = Debug|Any CPU
		{5D082F88-4290-4049-9984-FCB126A7BD4E}.Debug|Mixed Platforms.ActiveCfg = Debug|Any CPU
		{5D082F88-4290-4049-9984-FCB126A7BD4E}.Debug|Mixed Platforms.Build.0 = Debug|Any CPU
		{5D082F88-4290-4049-9984-FCB126A7BD4E}.Debug|x64.ActiveCfg = Debug|Any CPU
		{5D082F88-4290-4049-9984-FCB126A7BD4E}.Debug|x86.ActiveCfg = Debug|Any CPU
		{5D082F88-4290-4049-9984-FCB126A7BD4E}.DVD-5|Any CPU.ActiveCfg = Debug|Any CPU
		{5D082F88-4290-4049-9984-FCB126A7BD4E}.DVD-5|Any CPU.Build.0 = Debug|Any CPU
		{5D082F88-4290-4049-9984-FCB126A7BD4E}.DVD-5|Mixed Platforms.ActiveCfg = Debug|Any CPU
		{5D082F88-4290-4049-9984-FCB126A7BD4E}.DVD-5|Mixed Platforms.Build.0 = Debug|Any CPU
		{5D082F88-4290-4049-9984-FCB126A7BD4E}.DVD-5|x64.ActiveCfg = Debug|Any CPU
		{5D082F88-4290-4049-9984-FCB126A7BD4E}.DVD-5|x86.ActiveCfg = Debug|Any CPU
		{5D082F88-4290-4049-9984-FCB126A7BD4E}.Release|Any CPU.ActiveCfg = Release|Any CPU
		{5D082F88-4290-4049-9984-FCB126A7BD4E}.Release|Any CPU.Build.0 = Release|Any CPU
		{5D082F88-4290-4049-9984-FCB126A7BD4E}.Release|Mixed Platforms.ActiveCfg = Release|Any CPU
		{5D082F88-4290-4049-9984-FCB126A7BD4E}.Release|Mixed Platforms.Build.0 = Release|Any CPU
		{5D082F88-4290-4049-9984-FCB126A7BD4E}.Release|x64.ActiveCfg = Release|Any CPU
		{5D082F88-4290-4049-9984-FCB126A7BD4E}.Release|x86.ActiveCfg = Release|Any CPU
		{5D082F88-4290-4049-9984-FCB126A7BD4E}.SingleImage|Any CPU.ActiveCfg = Release|Any CPU
		{5D082F88-4290-4049-9984-FCB126A7BD4E}.SingleImage|Any CPU.Build.0 = Release|Any CPU
		{5D082F88-4290-4049-9984-FCB126A7BD4E}.SingleImage|Mixed Platforms.ActiveCfg = Release|Any CPU
		{5D082F88-4290-4049-9984-FCB126A7BD4E}.SingleImage|Mixed Platforms.Build.0 = Release|Any CPU
		{5D082F88-4290-4049-9984-FCB126A7BD4E}.SingleImage|x64.ActiveCfg = Release|Any CPU
		{5D082F88-4290-4049-9984-FCB126A7BD4E}.SingleImage|x86.ActiveCfg = Release|Any CPU
		{4300A92C-2BBC-4DE1-80CD-FA4F78305971}.CD_ROM|Any CPU.ActiveCfg = Release|Any CPU
		{4300A92C-2BBC-4DE1-80CD-FA4F78305971}.CD_ROM|Any CPU.Build.0 = Release|Any CPU
		{4300A92C-2BBC-4DE1-80CD-FA4F78305971}.CD_ROM|Mixed Platforms.ActiveCfg = Release|Any CPU
		{4300A92C-2BBC-4DE1-80CD-FA4F78305971}.CD_ROM|Mixed Platforms.Build.0 = Release|Any CPU
		{4300A92C-2BBC-4DE1-80CD-FA4F78305971}.CD_ROM|x64.ActiveCfg = Release|Any CPU
		{4300A92C-2BBC-4DE1-80CD-FA4F78305971}.CD_ROM|x86.ActiveCfg = Release|Any CPU
		{4300A92C-2BBC-4DE1-80CD-FA4F78305971}.Debug|Any CPU.ActiveCfg = Debug|Any CPU
		{4300A92C-2BBC-4DE1-80CD-FA4F78305971}.Debug|Any CPU.Build.0 = Debug|Any CPU
		{4300A92C-2BBC-4DE1-80CD-FA4F78305971}.Debug|Mixed Platforms.ActiveCfg = Debug|Any CPU
		{4300A92C-2BBC-4DE1-80CD-FA4F78305971}.Debug|Mixed Platforms.Build.0 = Debug|Any CPU
		{4300A92C-2BBC-4DE1-80CD-FA4F78305971}.Debug|x64.ActiveCfg = Debug|Any CPU
		{4300A92C-2BBC-4DE1-80CD-FA4F78305971}.Debug|x86.ActiveCfg = Debug|Any CPU
		{4300A92C-2BBC-4DE1-80CD-FA4F78305971}.DVD-5|Any CPU.ActiveCfg = Debug|Any CPU
		{4300A92C-2BBC-4DE1-80CD-FA4F78305971}.DVD-5|Any CPU.Build.0 = Debug|Any CPU
		{4300A92C-2BBC-4DE1-80CD-FA4F78305971}.DVD-5|Mixed Platforms.ActiveCfg = Debug|Any CPU
		{4300A92C-2BBC-4DE1-80CD-FA4F78305971}.DVD-5|Mixed Platforms.Build.0 = Debug|Any CPU
		{4300A92C-2BBC-4DE1-80CD-FA4F78305971}.DVD-5|x64.ActiveCfg = Debug|Any CPU
		{4300A92C-2BBC-4DE1-80CD-FA4F78305971}.DVD-5|x86.ActiveCfg = Debug|Any CPU
		{4300A92C-2BBC-4DE1-80CD-FA4F78305971}.Release|Any CPU.ActiveCfg = Release|Any CPU
		{4300A92C-2BBC-4DE1-80CD-FA4F78305971}.Release|Any CPU.Build.0 = Release|Any CPU
		{4300A92C-2BBC-4DE1-80CD-FA4F78305971}.Release|Mixed Platforms.ActiveCfg = Release|Any CPU
		{4300A92C-2BBC-4DE1-80CD-FA4F78305971}.Release|Mixed Platforms.Build.0 = Release|Any CPU
		{4300A92C-2BBC-4DE1-80CD-FA4F78305971}.Release|x64.ActiveCfg = Release|Any CPU
		{4300A92C-2BBC-4DE1-80CD-FA4F78305971}.Release|x86.ActiveCfg = Release|Any CPU
		{4300A92C-2BBC-4DE1-80CD-FA4F78305971}.SingleImage|Any CPU.ActiveCfg = Release|Any CPU
		{4300A92C-2BBC-4DE1-80CD-FA4F78305971}.SingleImage|Any CPU.Build.0 = Release|Any CPU
		{4300A92C-2BBC-4DE1-80CD-FA4F78305971}.SingleImage|Mixed Platforms.ActiveCfg = Release|Any CPU
		{4300A92C-2BBC-4DE1-80CD-FA4F78305971}.SingleImage|Mixed Platforms.Build.0 = Release|Any CPU
		{4300A92C-2BBC-4DE1-80CD-FA4F78305971}.SingleImage|x64.ActiveCfg = Release|Any CPU
		{4300A92C-2BBC-4DE1-80CD-FA4F78305971}.SingleImage|x86.ActiveCfg = Release|Any CPU
		{38D7AA58-C95B-449B-86C6-A8073A56E11F}.CD_ROM|Any CPU.ActiveCfg = Release|Any CPU
		{38D7AA58-C95B-449B-86C6-A8073A56E11F}.CD_ROM|Any CPU.Build.0 = Release|Any CPU
		{38D7AA58-C95B-449B-86C6-A8073A56E11F}.CD_ROM|Mixed Platforms.ActiveCfg = Release|Any CPU
		{38D7AA58-C95B-449B-86C6-A8073A56E11F}.CD_ROM|Mixed Platforms.Build.0 = Release|Any CPU
		{38D7AA58-C95B-449B-86C6-A8073A56E11F}.CD_ROM|x64.ActiveCfg = Release|Any CPU
		{38D7AA58-C95B-449B-86C6-A8073A56E11F}.CD_ROM|x86.ActiveCfg = Release|Any CPU
		{38D7AA58-C95B-449B-86C6-A8073A56E11F}.Debug|Any CPU.ActiveCfg = Debug|Any CPU
		{38D7AA58-C95B-449B-86C6-A8073A56E11F}.Debug|Any CPU.Build.0 = Debug|Any CPU
		{38D7AA58-C95B-449B-86C6-A8073A56E11F}.Debug|Mixed Platforms.ActiveCfg = Debug|Any CPU
		{38D7AA58-C95B-449B-86C6-A8073A56E11F}.Debug|Mixed Platforms.Build.0 = Debug|Any CPU
		{38D7AA58-C95B-449B-86C6-A8073A56E11F}.Debug|x64.ActiveCfg = Debug|Any CPU
		{38D7AA58-C95B-449B-86C6-A8073A56E11F}.Debug|x86.ActiveCfg = Debug|Any CPU
		{38D7AA58-C95B-449B-86C6-A8073A56E11F}.DVD-5|Any CPU.ActiveCfg = Debug|Any CPU
		{38D7AA58-C95B-449B-86C6-A8073A56E11F}.DVD-5|Any CPU.Build.0 = Debug|Any CPU
		{38D7AA58-C95B-449B-86C6-A8073A56E11F}.DVD-5|Mixed Platforms.ActiveCfg = Debug|Any CPU
		{38D7AA58-C95B-449B-86C6-A8073A56E11F}.DVD-5|Mixed Platforms.Build.0 = Debug|Any CPU
		{38D7AA58-C95B-449B-86C6-A8073A56E11F}.DVD-5|x64.ActiveCfg = Debug|Any CPU
		{38D7AA58-C95B-449B-86C6-A8073A56E11F}.DVD-5|x86.ActiveCfg = Debug|Any CPU
		{38D7AA58-C95B-449B-86C6-A8073A56E11F}.Release|Any CPU.ActiveCfg = Release|Any CPU
		{38D7AA58-C95B-449B-86C6-A8073A56E11F}.Release|Any CPU.Build.0 = Release|Any CPU
		{38D7AA58-C95B-449B-86C6-A8073A56E11F}.Release|Mixed Platforms.ActiveCfg = Release|Any CPU
		{38D7AA58-C95B-449B-86C6-A8073A56E11F}.Release|Mixed Platforms.Build.0 = Release|Any CPU
		{38D7AA58-C95B-449B-86C6-A8073A56E11F}.Release|x64.ActiveCfg = Release|Any CPU
		{38D7AA58-C95B-449B-86C6-A8073A56E11F}.Release|x86.ActiveCfg = Release|Any CPU
		{38D7AA58-C95B-449B-86C6-A8073A56E11F}.SingleImage|Any CPU.ActiveCfg = Release|Any CPU
		{38D7AA58-C95B-449B-86C6-A8073A56E11F}.SingleImage|Any CPU.Build.0 = Release|Any CPU
		{38D7AA58-C95B-449B-86C6-A8073A56E11F}.SingleImage|Mixed Platforms.ActiveCfg = Release|Any CPU
		{38D7AA58-C95B-449B-86C6-A8073A56E11F}.SingleImage|Mixed Platforms.Build.0 = Release|Any CPU
		{38D7AA58-C95B-449B-86C6-A8073A56E11F}.SingleImage|x64.ActiveCfg = Release|Any CPU
		{38D7AA58-C95B-449B-86C6-A8073A56E11F}.SingleImage|x86.ActiveCfg = Release|Any CPU
		{9FE00521-3A8B-42B1-814E-585E99407B2E}.CD_ROM|Any CPU.ActiveCfg = Release|Any CPU
		{9FE00521-3A8B-42B1-814E-585E99407B2E}.CD_ROM|Any CPU.Build.0 = Release|Any CPU
		{9FE00521-3A8B-42B1-814E-585E99407B2E}.CD_ROM|Mixed Platforms.ActiveCfg = Release|Any CPU
		{9FE00521-3A8B-42B1-814E-585E99407B2E}.CD_ROM|Mixed Platforms.Build.0 = Release|Any CPU
		{9FE00521-3A8B-42B1-814E-585E99407B2E}.CD_ROM|x64.ActiveCfg = Release|Any CPU
		{9FE00521-3A8B-42B1-814E-585E99407B2E}.CD_ROM|x86.ActiveCfg = Release|Any CPU
		{9FE00521-3A8B-42B1-814E-585E99407B2E}.Debug|Any CPU.ActiveCfg = Debug|Any CPU
		{9FE00521-3A8B-42B1-814E-585E99407B2E}.Debug|Any CPU.Build.0 = Debug|Any CPU
		{9FE00521-3A8B-42B1-814E-585E99407B2E}.Debug|Mixed Platforms.ActiveCfg = Debug|Any CPU
		{9FE00521-3A8B-42B1-814E-585E99407B2E}.Debug|Mixed Platforms.Build.0 = Debug|Any CPU
		{9FE00521-3A8B-42B1-814E-585E99407B2E}.Debug|x64.ActiveCfg = Debug|Any CPU
		{9FE00521-3A8B-42B1-814E-585E99407B2E}.Debug|x86.ActiveCfg = Debug|Any CPU
		{9FE00521-3A8B-42B1-814E-585E99407B2E}.DVD-5|Any CPU.ActiveCfg = Debug|Any CPU
		{9FE00521-3A8B-42B1-814E-585E99407B2E}.DVD-5|Any CPU.Build.0 = Debug|Any CPU
		{9FE00521-3A8B-42B1-814E-585E99407B2E}.DVD-5|Mixed Platforms.ActiveCfg = Debug|Any CPU
		{9FE00521-3A8B-42B1-814E-585E99407B2E}.DVD-5|Mixed Platforms.Build.0 = Debug|Any CPU
		{9FE00521-3A8B-42B1-814E-585E99407B2E}.DVD-5|x64.ActiveCfg = Debug|Any CPU
		{9FE00521-3A8B-42B1-814E-585E99407B2E}.DVD-5|x86.ActiveCfg = Debug|Any CPU
		{9FE00521-3A8B-42B1-814E-585E99407B2E}.Release|Any CPU.ActiveCfg = Release|Any CPU
		{9FE00521-3A8B-42B1-814E-585E99407B2E}.Release|Any CPU.Build.0 = Release|Any CPU
		{9FE00521-3A8B-42B1-814E-585E99407B2E}.Release|Mixed Platforms.ActiveCfg = Release|Any CPU
		{9FE00521-3A8B-42B1-814E-585E99407B2E}.Release|Mixed Platforms.Build.0 = Release|Any CPU
		{9FE00521-3A8B-42B1-814E-585E99407B2E}.Release|x64.ActiveCfg = Release|Any CPU
		{9FE00521-3A8B-42B1-814E-585E99407B2E}.Release|x86.ActiveCfg = Release|Any CPU
		{9FE00521-3A8B-42B1-814E-585E99407B2E}.SingleImage|Any CPU.ActiveCfg = Release|Any CPU
		{9FE00521-3A8B-42B1-814E-585E99407B2E}.SingleImage|Any CPU.Build.0 = Release|Any CPU
		{9FE00521-3A8B-42B1-814E-585E99407B2E}.SingleImage|Mixed Platforms.ActiveCfg = Release|Any CPU
		{9FE00521-3A8B-42B1-814E-585E99407B2E}.SingleImage|Mixed Platforms.Build.0 = Release|Any CPU
		{9FE00521-3A8B-42B1-814E-585E99407B2E}.SingleImage|x64.ActiveCfg = Release|Any CPU
		{9FE00521-3A8B-42B1-814E-585E99407B2E}.SingleImage|x86.ActiveCfg = Release|Any CPU
		{0988C62E-247F-471F-A183-DB509C7A3839}.CD_ROM|Any CPU.ActiveCfg = Release|Any CPU
		{0988C62E-247F-471F-A183-DB509C7A3839}.CD_ROM|Any CPU.Build.0 = Release|Any CPU
		{0988C62E-247F-471F-A183-DB509C7A3839}.CD_ROM|Mixed Platforms.ActiveCfg = Release|Any CPU
		{0988C62E-247F-471F-A183-DB509C7A3839}.CD_ROM|Mixed Platforms.Build.0 = Release|Any CPU
		{0988C62E-247F-471F-A183-DB509C7A3839}.CD_ROM|x64.ActiveCfg = Release|Any CPU
		{0988C62E-247F-471F-A183-DB509C7A3839}.CD_ROM|x86.ActiveCfg = Release|Any CPU
		{0988C62E-247F-471F-A183-DB509C7A3839}.Debug|Any CPU.ActiveCfg = Debug|Any CPU
		{0988C62E-247F-471F-A183-DB509C7A3839}.Debug|Any CPU.Build.0 = Debug|Any CPU
		{0988C62E-247F-471F-A183-DB509C7A3839}.Debug|Mixed Platforms.ActiveCfg = Debug|Any CPU
		{0988C62E-247F-471F-A183-DB509C7A3839}.Debug|Mixed Platforms.Build.0 = Debug|Any CPU
		{0988C62E-247F-471F-A183-DB509C7A3839}.Debug|x64.ActiveCfg = Debug|Any CPU
		{0988C62E-247F-471F-A183-DB509C7A3839}.Debug|x86.ActiveCfg = Debug|Any CPU
		{0988C62E-247F-471F-A183-DB509C7A3839}.DVD-5|Any CPU.ActiveCfg = Debug|Any CPU
		{0988C62E-247F-471F-A183-DB509C7A3839}.DVD-5|Any CPU.Build.0 = Debug|Any CPU
		{0988C62E-247F-471F-A183-DB509C7A3839}.DVD-5|Mixed Platforms.ActiveCfg = Debug|Any CPU
		{0988C62E-247F-471F-A183-DB509C7A3839}.DVD-5|Mixed Platforms.Build.0 = Debug|Any CPU
		{0988C62E-247F-471F-A183-DB509C7A3839}.DVD-5|x64.ActiveCfg = Debug|Any CPU
		{0988C62E-247F-471F-A183-DB509C7A3839}.DVD-5|x86.ActiveCfg = Debug|Any CPU
		{0988C62E-247F-471F-A183-DB509C7A3839}.Release|Any CPU.ActiveCfg = Release|Any CPU
		{0988C62E-247F-471F-A183-DB509C7A3839}.Release|Any CPU.Build.0 = Release|Any CPU
		{0988C62E-247F-471F-A183-DB509C7A3839}.Release|Mixed Platforms.ActiveCfg = Release|Any CPU
		{0988C62E-247F-471F-A183-DB509C7A3839}.Release|Mixed Platforms.Build.0 = Release|Any CPU
		{0988C62E-247F-471F-A183-DB509C7A3839}.Release|x64.ActiveCfg = Release|Any CPU
		{0988C62E-247F-471F-A183-DB509C7A3839}.Release|x86.ActiveCfg = Release|Any CPU
		{0988C62E-247F-471F-A183-DB509C7A3839}.SingleImage|Any CPU.ActiveCfg = Release|Any CPU
		{0988C62E-247F-471F-A183-DB509C7A3839}.SingleImage|Any CPU.Build.0 = Release|Any CPU
		{0988C62E-247F-471F-A183-DB509C7A3839}.SingleImage|Mixed Platforms.ActiveCfg = Release|Any CPU
		{0988C62E-247F-471F-A183-DB509C7A3839}.SingleImage|Mixed Platforms.Build.0 = Release|Any CPU
		{0988C62E-247F-471F-A183-DB509C7A3839}.SingleImage|x64.ActiveCfg = Release|Any CPU
		{0988C62E-247F-471F-A183-DB509C7A3839}.SingleImage|x86.ActiveCfg = Release|Any CPU
		{53995DBB-9836-4647-AD22-865884FDEB9E}.CD_ROM|Any CPU.ActiveCfg = Release|Any CPU
		{53995DBB-9836-4647-AD22-865884FDEB9E}.CD_ROM|Any CPU.Build.0 = Release|Any CPU
		{53995DBB-9836-4647-AD22-865884FDEB9E}.CD_ROM|Mixed Platforms.ActiveCfg = Release|Any CPU
		{53995DBB-9836-4647-AD22-865884FDEB9E}.CD_ROM|Mixed Platforms.Build.0 = Release|Any CPU
		{53995DBB-9836-4647-AD22-865884FDEB9E}.CD_ROM|x64.ActiveCfg = Release|Any CPU
		{53995DBB-9836-4647-AD22-865884FDEB9E}.CD_ROM|x86.ActiveCfg = Release|Any CPU
		{53995DBB-9836-4647-AD22-865884FDEB9E}.Debug|Any CPU.ActiveCfg = Debug|Any CPU
		{53995DBB-9836-4647-AD22-865884FDEB9E}.Debug|Any CPU.Build.0 = Debug|Any CPU
		{53995DBB-9836-4647-AD22-865884FDEB9E}.Debug|Mixed Platforms.ActiveCfg = Debug|Any CPU
		{53995DBB-9836-4647-AD22-865884FDEB9E}.Debug|Mixed Platforms.Build.0 = Debug|Any CPU
		{53995DBB-9836-4647-AD22-865884FDEB9E}.Debug|x64.ActiveCfg = Debug|Any CPU
		{53995DBB-9836-4647-AD22-865884FDEB9E}.Debug|x86.ActiveCfg = Debug|Any CPU
		{53995DBB-9836-4647-AD22-865884FDEB9E}.DVD-5|Any CPU.ActiveCfg = Debug|Any CPU
		{53995DBB-9836-4647-AD22-865884FDEB9E}.DVD-5|Any CPU.Build.0 = Debug|Any CPU
		{53995DBB-9836-4647-AD22-865884FDEB9E}.DVD-5|Mixed Platforms.ActiveCfg = Debug|Any CPU
		{53995DBB-9836-4647-AD22-865884FDEB9E}.DVD-5|Mixed Platforms.Build.0 = Debug|Any CPU
		{53995DBB-9836-4647-AD22-865884FDEB9E}.DVD-5|x64.ActiveCfg = Debug|Any CPU
		{53995DBB-9836-4647-AD22-865884FDEB9E}.DVD-5|x86.ActiveCfg = Debug|Any CPU
		{53995DBB-9836-4647-AD22-865884FDEB9E}.Release|Any CPU.ActiveCfg = Release|Any CPU
		{53995DBB-9836-4647-AD22-865884FDEB9E}.Release|Any CPU.Build.0 = Release|Any CPU
		{53995DBB-9836-4647-AD22-865884FDEB9E}.Release|Mixed Platforms.ActiveCfg = Release|Any CPU
		{53995DBB-9836-4647-AD22-865884FDEB9E}.Release|Mixed Platforms.Build.0 = Release|Any CPU
		{53995DBB-9836-4647-AD22-865884FDEB9E}.Release|x64.ActiveCfg = Release|Any CPU
		{53995DBB-9836-4647-AD22-865884FDEB9E}.Release|x86.ActiveCfg = Release|Any CPU
		{53995DBB-9836-4647-AD22-865884FDEB9E}.SingleImage|Any CPU.ActiveCfg = Release|Any CPU
		{53995DBB-9836-4647-AD22-865884FDEB9E}.SingleImage|Any CPU.Build.0 = Release|Any CPU
		{53995DBB-9836-4647-AD22-865884FDEB9E}.SingleImage|Mixed Platforms.ActiveCfg = Release|Any CPU
		{53995DBB-9836-4647-AD22-865884FDEB9E}.SingleImage|Mixed Platforms.Build.0 = Release|Any CPU
		{53995DBB-9836-4647-AD22-865884FDEB9E}.SingleImage|x64.ActiveCfg = Release|Any CPU
		{53995DBB-9836-4647-AD22-865884FDEB9E}.SingleImage|x86.ActiveCfg = Release|Any CPU
		{6D709A49-19D3-4DD6-A5F7-8B0D65EEE80C}.CD_ROM|Any CPU.ActiveCfg = Release|Any CPU
		{6D709A49-19D3-4DD6-A5F7-8B0D65EEE80C}.CD_ROM|Any CPU.Build.0 = Release|Any CPU
		{6D709A49-19D3-4DD6-A5F7-8B0D65EEE80C}.CD_ROM|Mixed Platforms.ActiveCfg = Release|Any CPU
		{6D709A49-19D3-4DD6-A5F7-8B0D65EEE80C}.CD_ROM|Mixed Platforms.Build.0 = Release|Any CPU
		{6D709A49-19D3-4DD6-A5F7-8B0D65EEE80C}.CD_ROM|x64.ActiveCfg = Release|Any CPU
		{6D709A49-19D3-4DD6-A5F7-8B0D65EEE80C}.CD_ROM|x86.ActiveCfg = Release|Any CPU
		{6D709A49-19D3-4DD6-A5F7-8B0D65EEE80C}.Debug|Any CPU.ActiveCfg = Debug|Any CPU
		{6D709A49-19D3-4DD6-A5F7-8B0D65EEE80C}.Debug|Any CPU.Build.0 = Debug|Any CPU
		{6D709A49-19D3-4DD6-A5F7-8B0D65EEE80C}.Debug|Mixed Platforms.ActiveCfg = Debug|Any CPU
		{6D709A49-19D3-4DD6-A5F7-8B0D65EEE80C}.Debug|Mixed Platforms.Build.0 = Debug|Any CPU
		{6D709A49-19D3-4DD6-A5F7-8B0D65EEE80C}.Debug|x64.ActiveCfg = Debug|Any CPU
		{6D709A49-19D3-4DD6-A5F7-8B0D65EEE80C}.Debug|x86.ActiveCfg = Debug|Any CPU
		{6D709A49-19D3-4DD6-A5F7-8B0D65EEE80C}.DVD-5|Any CPU.ActiveCfg = Debug|Any CPU
		{6D709A49-19D3-4DD6-A5F7-8B0D65EEE80C}.DVD-5|Any CPU.Build.0 = Debug|Any CPU
		{6D709A49-19D3-4DD6-A5F7-8B0D65EEE80C}.DVD-5|Mixed Platforms.ActiveCfg = Debug|Any CPU
		{6D709A49-19D3-4DD6-A5F7-8B0D65EEE80C}.DVD-5|Mixed Platforms.Build.0 = Debug|Any CPU
		{6D709A49-19D3-4DD6-A5F7-8B0D65EEE80C}.DVD-5|x64.ActiveCfg = Debug|Any CPU
		{6D709A49-19D3-4DD6-A5F7-8B0D65EEE80C}.DVD-5|x86.ActiveCfg = Debug|Any CPU
		{6D709A49-19D3-4DD6-A5F7-8B0D65EEE80C}.Release|Any CPU.ActiveCfg = Release|Any CPU
		{6D709A49-19D3-4DD6-A5F7-8B0D65EEE80C}.Release|Any CPU.Build.0 = Release|Any CPU
		{6D709A49-19D3-4DD6-A5F7-8B0D65EEE80C}.Release|Mixed Platforms.ActiveCfg = Release|Any CPU
		{6D709A49-19D3-4DD6-A5F7-8B0D65EEE80C}.Release|Mixed Platforms.Build.0 = Release|Any CPU
		{6D709A49-19D3-4DD6-A5F7-8B0D65EEE80C}.Release|x64.ActiveCfg = Release|Any CPU
		{6D709A49-19D3-4DD6-A5F7-8B0D65EEE80C}.Release|x86.ActiveCfg = Release|Any CPU
		{6D709A49-19D3-4DD6-A5F7-8B0D65EEE80C}.SingleImage|Any CPU.ActiveCfg = Release|Any CPU
		{6D709A49-19D3-4DD6-A5F7-8B0D65EEE80C}.SingleImage|Any CPU.Build.0 = Release|Any CPU
		{6D709A49-19D3-4DD6-A5F7-8B0D65EEE80C}.SingleImage|Mixed Platforms.ActiveCfg = Release|Any CPU
		{6D709A49-19D3-4DD6-A5F7-8B0D65EEE80C}.SingleImage|Mixed Platforms.Build.0 = Release|Any CPU
		{6D709A49-19D3-4DD6-A5F7-8B0D65EEE80C}.SingleImage|x64.ActiveCfg = Release|Any CPU
		{6D709A49-19D3-4DD6-A5F7-8B0D65EEE80C}.SingleImage|x86.ActiveCfg = Release|Any CPU
		{6B54E2CC-9A13-45BB-98E7-5F0BC1CC7D2C}.CD_ROM|Any CPU.ActiveCfg = CD_ROM
		{6B54E2CC-9A13-45BB-98E7-5F0BC1CC7D2C}.CD_ROM|Any CPU.Build.0 = CD_ROM
		{6B54E2CC-9A13-45BB-98E7-5F0BC1CC7D2C}.CD_ROM|Mixed Platforms.ActiveCfg = CD_ROM
		{6B54E2CC-9A13-45BB-98E7-5F0BC1CC7D2C}.CD_ROM|Mixed Platforms.Build.0 = CD_ROM
		{6B54E2CC-9A13-45BB-98E7-5F0BC1CC7D2C}.CD_ROM|x64.ActiveCfg = CD_ROM
		{6B54E2CC-9A13-45BB-98E7-5F0BC1CC7D2C}.CD_ROM|x64.Build.0 = CD_ROM
		{6B54E2CC-9A13-45BB-98E7-5F0BC1CC7D2C}.CD_ROM|x86.ActiveCfg = CD_ROM
		{6B54E2CC-9A13-45BB-98E7-5F0BC1CC7D2C}.CD_ROM|x86.Build.0 = CD_ROM
		{6B54E2CC-9A13-45BB-98E7-5F0BC1CC7D2C}.Debug|Any CPU.ActiveCfg = DVD-5
		{6B54E2CC-9A13-45BB-98E7-5F0BC1CC7D2C}.Debug|Any CPU.Build.0 = DVD-5
		{6B54E2CC-9A13-45BB-98E7-5F0BC1CC7D2C}.Debug|Mixed Platforms.ActiveCfg = SingleImage
		{6B54E2CC-9A13-45BB-98E7-5F0BC1CC7D2C}.Debug|Mixed Platforms.Build.0 = SingleImage
		{6B54E2CC-9A13-45BB-98E7-5F0BC1CC7D2C}.Debug|x64.ActiveCfg = DVD-5
		{6B54E2CC-9A13-45BB-98E7-5F0BC1CC7D2C}.Debug|x64.Build.0 = DVD-5
		{6B54E2CC-9A13-45BB-98E7-5F0BC1CC7D2C}.Debug|x86.ActiveCfg = DVD-5
		{6B54E2CC-9A13-45BB-98E7-5F0BC1CC7D2C}.Debug|x86.Build.0 = DVD-5
		{6B54E2CC-9A13-45BB-98E7-5F0BC1CC7D2C}.DVD-5|Any CPU.ActiveCfg = DVD-5
		{6B54E2CC-9A13-45BB-98E7-5F0BC1CC7D2C}.DVD-5|Any CPU.Build.0 = DVD-5
		{6B54E2CC-9A13-45BB-98E7-5F0BC1CC7D2C}.DVD-5|Mixed Platforms.ActiveCfg = DVD-5
		{6B54E2CC-9A13-45BB-98E7-5F0BC1CC7D2C}.DVD-5|Mixed Platforms.Build.0 = DVD-5
		{6B54E2CC-9A13-45BB-98E7-5F0BC1CC7D2C}.DVD-5|x64.ActiveCfg = DVD-5
		{6B54E2CC-9A13-45BB-98E7-5F0BC1CC7D2C}.DVD-5|x64.Build.0 = DVD-5
		{6B54E2CC-9A13-45BB-98E7-5F0BC1CC7D2C}.DVD-5|x86.ActiveCfg = DVD-5
		{6B54E2CC-9A13-45BB-98E7-5F0BC1CC7D2C}.DVD-5|x86.Build.0 = DVD-5
		{6B54E2CC-9A13-45BB-98E7-5F0BC1CC7D2C}.Release|Any CPU.ActiveCfg = SingleImage
		{6B54E2CC-9A13-45BB-98E7-5F0BC1CC7D2C}.Release|Any CPU.Build.0 = SingleImage
		{6B54E2CC-9A13-45BB-98E7-5F0BC1CC7D2C}.Release|Mixed Platforms.ActiveCfg = SingleImage
		{6B54E2CC-9A13-45BB-98E7-5F0BC1CC7D2C}.Release|Mixed Platforms.Build.0 = SingleImage
		{6B54E2CC-9A13-45BB-98E7-5F0BC1CC7D2C}.Release|x64.ActiveCfg = SingleImage
		{6B54E2CC-9A13-45BB-98E7-5F0BC1CC7D2C}.Release|x64.Build.0 = SingleImage
		{6B54E2CC-9A13-45BB-98E7-5F0BC1CC7D2C}.Release|x86.ActiveCfg = SingleImage
		{6B54E2CC-9A13-45BB-98E7-5F0BC1CC7D2C}.Release|x86.Build.0 = SingleImage
		{6B54E2CC-9A13-45BB-98E7-5F0BC1CC7D2C}.SingleImage|Any CPU.ActiveCfg = SingleImage
		{6B54E2CC-9A13-45BB-98E7-5F0BC1CC7D2C}.SingleImage|Any CPU.Build.0 = SingleImage
		{6B54E2CC-9A13-45BB-98E7-5F0BC1CC7D2C}.SingleImage|Mixed Platforms.ActiveCfg = SingleImage
		{6B54E2CC-9A13-45BB-98E7-5F0BC1CC7D2C}.SingleImage|Mixed Platforms.Build.0 = SingleImage
		{6B54E2CC-9A13-45BB-98E7-5F0BC1CC7D2C}.SingleImage|x64.ActiveCfg = SingleImage
		{6B54E2CC-9A13-45BB-98E7-5F0BC1CC7D2C}.SingleImage|x64.Build.0 = SingleImage
		{6B54E2CC-9A13-45BB-98E7-5F0BC1CC7D2C}.SingleImage|x86.ActiveCfg = SingleImage
		{6B54E2CC-9A13-45BB-98E7-5F0BC1CC7D2C}.SingleImage|x86.Build.0 = SingleImage
		{8B2E5D28-881F-4DAF-ABBD-68F2D4F6CEA7}.CD_ROM|Any CPU.ActiveCfg = Release|Any CPU
		{8B2E5D28-881F-4DAF-ABBD-68F2D4F6CEA7}.CD_ROM|Any CPU.Build.0 = Release|Any CPU
		{8B2E5D28-881F-4DAF-ABBD-68F2D4F6CEA7}.CD_ROM|Mixed Platforms.ActiveCfg = Release|Any CPU
		{8B2E5D28-881F-4DAF-ABBD-68F2D4F6CEA7}.CD_ROM|Mixed Platforms.Build.0 = Release|Any CPU
		{8B2E5D28-881F-4DAF-ABBD-68F2D4F6CEA7}.CD_ROM|x64.ActiveCfg = Release|Any CPU
		{8B2E5D28-881F-4DAF-ABBD-68F2D4F6CEA7}.CD_ROM|x86.ActiveCfg = Release|Any CPU
		{8B2E5D28-881F-4DAF-ABBD-68F2D4F6CEA7}.Debug|Any CPU.ActiveCfg = Debug|Any CPU
		{8B2E5D28-881F-4DAF-ABBD-68F2D4F6CEA7}.Debug|Any CPU.Build.0 = Debug|Any CPU
		{8B2E5D28-881F-4DAF-ABBD-68F2D4F6CEA7}.Debug|Mixed Platforms.ActiveCfg = Debug|Any CPU
		{8B2E5D28-881F-4DAF-ABBD-68F2D4F6CEA7}.Debug|Mixed Platforms.Build.0 = Debug|Any CPU
		{8B2E5D28-881F-4DAF-ABBD-68F2D4F6CEA7}.Debug|x64.ActiveCfg = Debug|Any CPU
		{8B2E5D28-881F-4DAF-ABBD-68F2D4F6CEA7}.Debug|x86.ActiveCfg = Debug|Any CPU
		{8B2E5D28-881F-4DAF-ABBD-68F2D4F6CEA7}.DVD-5|Any CPU.ActiveCfg = Debug|Any CPU
		{8B2E5D28-881F-4DAF-ABBD-68F2D4F6CEA7}.DVD-5|Any CPU.Build.0 = Debug|Any CPU
		{8B2E5D28-881F-4DAF-ABBD-68F2D4F6CEA7}.DVD-5|Mixed Platforms.ActiveCfg = Debug|Any CPU
		{8B2E5D28-881F-4DAF-ABBD-68F2D4F6CEA7}.DVD-5|Mixed Platforms.Build.0 = Debug|Any CPU
		{8B2E5D28-881F-4DAF-ABBD-68F2D4F6CEA7}.DVD-5|x64.ActiveCfg = Debug|Any CPU
		{8B2E5D28-881F-4DAF-ABBD-68F2D4F6CEA7}.DVD-5|x86.ActiveCfg = Debug|Any CPU
		{8B2E5D28-881F-4DAF-ABBD-68F2D4F6CEA7}.Release|Any CPU.ActiveCfg = Release|Any CPU
		{8B2E5D28-881F-4DAF-ABBD-68F2D4F6CEA7}.Release|Any CPU.Build.0 = Release|Any CPU
		{8B2E5D28-881F-4DAF-ABBD-68F2D4F6CEA7}.Release|Mixed Platforms.ActiveCfg = Release|Any CPU
		{8B2E5D28-881F-4DAF-ABBD-68F2D4F6CEA7}.Release|Mixed Platforms.Build.0 = Release|Any CPU
		{8B2E5D28-881F-4DAF-ABBD-68F2D4F6CEA7}.Release|x64.ActiveCfg = Release|Any CPU
		{8B2E5D28-881F-4DAF-ABBD-68F2D4F6CEA7}.Release|x86.ActiveCfg = Release|Any CPU
		{8B2E5D28-881F-4DAF-ABBD-68F2D4F6CEA7}.SingleImage|Any CPU.ActiveCfg = Release|Any CPU
		{8B2E5D28-881F-4DAF-ABBD-68F2D4F6CEA7}.SingleImage|Any CPU.Build.0 = Release|Any CPU
		{8B2E5D28-881F-4DAF-ABBD-68F2D4F6CEA7}.SingleImage|Mixed Platforms.ActiveCfg = Release|Any CPU
		{8B2E5D28-881F-4DAF-ABBD-68F2D4F6CEA7}.SingleImage|Mixed Platforms.Build.0 = Release|Any CPU
		{8B2E5D28-881F-4DAF-ABBD-68F2D4F6CEA7}.SingleImage|x64.ActiveCfg = Release|Any CPU
		{8B2E5D28-881F-4DAF-ABBD-68F2D4F6CEA7}.SingleImage|x86.ActiveCfg = Release|Any CPU
		{8BC634CE-D9B9-4405-8ED5-411CCF0C92C5}.CD_ROM|Any CPU.ActiveCfg = Release|Any CPU
		{8BC634CE-D9B9-4405-8ED5-411CCF0C92C5}.CD_ROM|Any CPU.Build.0 = Release|Any CPU
		{8BC634CE-D9B9-4405-8ED5-411CCF0C92C5}.CD_ROM|Mixed Platforms.ActiveCfg = Release|Any CPU
		{8BC634CE-D9B9-4405-8ED5-411CCF0C92C5}.CD_ROM|Mixed Platforms.Build.0 = Release|Any CPU
		{8BC634CE-D9B9-4405-8ED5-411CCF0C92C5}.CD_ROM|x64.ActiveCfg = Release|Any CPU
		{8BC634CE-D9B9-4405-8ED5-411CCF0C92C5}.CD_ROM|x86.ActiveCfg = Release|Any CPU
		{8BC634CE-D9B9-4405-8ED5-411CCF0C92C5}.Debug|Any CPU.ActiveCfg = Debug|Any CPU
		{8BC634CE-D9B9-4405-8ED5-411CCF0C92C5}.Debug|Any CPU.Build.0 = Debug|Any CPU
		{8BC634CE-D9B9-4405-8ED5-411CCF0C92C5}.Debug|Mixed Platforms.ActiveCfg = Debug|Any CPU
		{8BC634CE-D9B9-4405-8ED5-411CCF0C92C5}.Debug|Mixed Platforms.Build.0 = Debug|Any CPU
		{8BC634CE-D9B9-4405-8ED5-411CCF0C92C5}.Debug|x64.ActiveCfg = Debug|Any CPU
		{8BC634CE-D9B9-4405-8ED5-411CCF0C92C5}.Debug|x86.ActiveCfg = Debug|Any CPU
		{8BC634CE-D9B9-4405-8ED5-411CCF0C92C5}.DVD-5|Any CPU.ActiveCfg = Debug|Any CPU
		{8BC634CE-D9B9-4405-8ED5-411CCF0C92C5}.DVD-5|Any CPU.Build.0 = Debug|Any CPU
		{8BC634CE-D9B9-4405-8ED5-411CCF0C92C5}.DVD-5|Mixed Platforms.ActiveCfg = Debug|Any CPU
		{8BC634CE-D9B9-4405-8ED5-411CCF0C92C5}.DVD-5|Mixed Platforms.Build.0 = Debug|Any CPU
		{8BC634CE-D9B9-4405-8ED5-411CCF0C92C5}.DVD-5|x64.ActiveCfg = Debug|Any CPU
		{8BC634CE-D9B9-4405-8ED5-411CCF0C92C5}.DVD-5|x86.ActiveCfg = Debug|Any CPU
		{8BC634CE-D9B9-4405-8ED5-411CCF0C92C5}.Release|Any CPU.ActiveCfg = Release|Any CPU
		{8BC634CE-D9B9-4405-8ED5-411CCF0C92C5}.Release|Any CPU.Build.0 = Release|Any CPU
		{8BC634CE-D9B9-4405-8ED5-411CCF0C92C5}.Release|Mixed Platforms.ActiveCfg = Release|Any CPU
		{8BC634CE-D9B9-4405-8ED5-411CCF0C92C5}.Release|Mixed Platforms.Build.0 = Release|Any CPU
		{8BC634CE-D9B9-4405-8ED5-411CCF0C92C5}.Release|x64.ActiveCfg = Release|Any CPU
		{8BC634CE-D9B9-4405-8ED5-411CCF0C92C5}.Release|x86.ActiveCfg = Release|Any CPU
		{8BC634CE-D9B9-4405-8ED5-411CCF0C92C5}.SingleImage|Any CPU.ActiveCfg = Release|Any CPU
		{8BC634CE-D9B9-4405-8ED5-411CCF0C92C5}.SingleImage|Any CPU.Build.0 = Release|Any CPU
		{8BC634CE-D9B9-4405-8ED5-411CCF0C92C5}.SingleImage|Mixed Platforms.ActiveCfg = Release|Any CPU
		{8BC634CE-D9B9-4405-8ED5-411CCF0C92C5}.SingleImage|Mixed Platforms.Build.0 = Release|Any CPU
		{8BC634CE-D9B9-4405-8ED5-411CCF0C92C5}.SingleImage|x64.ActiveCfg = Release|Any CPU
		{8BC634CE-D9B9-4405-8ED5-411CCF0C92C5}.SingleImage|x86.ActiveCfg = Release|Any CPU
		{98695DAA-CDB7-4175-91D7-3FB0EDEB303B}.CD_ROM|Any CPU.ActiveCfg = Release|Any CPU
		{98695DAA-CDB7-4175-91D7-3FB0EDEB303B}.CD_ROM|Any CPU.Build.0 = Release|Any CPU
		{98695DAA-CDB7-4175-91D7-3FB0EDEB303B}.CD_ROM|Mixed Platforms.ActiveCfg = Release|Any CPU
		{98695DAA-CDB7-4175-91D7-3FB0EDEB303B}.CD_ROM|Mixed Platforms.Build.0 = Release|Any CPU
		{98695DAA-CDB7-4175-91D7-3FB0EDEB303B}.CD_ROM|x64.ActiveCfg = Release|Any CPU
		{98695DAA-CDB7-4175-91D7-3FB0EDEB303B}.CD_ROM|x86.ActiveCfg = Release|Any CPU
		{98695DAA-CDB7-4175-91D7-3FB0EDEB303B}.Debug|Any CPU.ActiveCfg = Debug|Any CPU
		{98695DAA-CDB7-4175-91D7-3FB0EDEB303B}.Debug|Any CPU.Build.0 = Debug|Any CPU
		{98695DAA-CDB7-4175-91D7-3FB0EDEB303B}.Debug|Mixed Platforms.ActiveCfg = Debug|Any CPU
		{98695DAA-CDB7-4175-91D7-3FB0EDEB303B}.Debug|Mixed Platforms.Build.0 = Debug|Any CPU
		{98695DAA-CDB7-4175-91D7-3FB0EDEB303B}.Debug|x64.ActiveCfg = Debug|Any CPU
		{98695DAA-CDB7-4175-91D7-3FB0EDEB303B}.Debug|x86.ActiveCfg = Debug|Any CPU
		{98695DAA-CDB7-4175-91D7-3FB0EDEB303B}.DVD-5|Any CPU.ActiveCfg = Debug|Any CPU
		{98695DAA-CDB7-4175-91D7-3FB0EDEB303B}.DVD-5|Any CPU.Build.0 = Debug|Any CPU
		{98695DAA-CDB7-4175-91D7-3FB0EDEB303B}.DVD-5|Mixed Platforms.ActiveCfg = Debug|Any CPU
		{98695DAA-CDB7-4175-91D7-3FB0EDEB303B}.DVD-5|Mixed Platforms.Build.0 = Debug|Any CPU
		{98695DAA-CDB7-4175-91D7-3FB0EDEB303B}.DVD-5|x64.ActiveCfg = Debug|Any CPU
		{98695DAA-CDB7-4175-91D7-3FB0EDEB303B}.DVD-5|x86.ActiveCfg = Debug|Any CPU
		{98695DAA-CDB7-4175-91D7-3FB0EDEB303B}.Release|Any CPU.ActiveCfg = Release|Any CPU
		{98695DAA-CDB7-4175-91D7-3FB0EDEB303B}.Release|Any CPU.Build.0 = Release|Any CPU
		{98695DAA-CDB7-4175-91D7-3FB0EDEB303B}.Release|Mixed Platforms.ActiveCfg = Release|Any CPU
		{98695DAA-CDB7-4175-91D7-3FB0EDEB303B}.Release|Mixed Platforms.Build.0 = Release|Any CPU
		{98695DAA-CDB7-4175-91D7-3FB0EDEB303B}.Release|x64.ActiveCfg = Release|Any CPU
		{98695DAA-CDB7-4175-91D7-3FB0EDEB303B}.Release|x86.ActiveCfg = Release|Any CPU
		{98695DAA-CDB7-4175-91D7-3FB0EDEB303B}.SingleImage|Any CPU.ActiveCfg = Release|Any CPU
		{98695DAA-CDB7-4175-91D7-3FB0EDEB303B}.SingleImage|Any CPU.Build.0 = Release|Any CPU
		{98695DAA-CDB7-4175-91D7-3FB0EDEB303B}.SingleImage|Mixed Platforms.ActiveCfg = Release|Any CPU
		{98695DAA-CDB7-4175-91D7-3FB0EDEB303B}.SingleImage|Mixed Platforms.Build.0 = Release|Any CPU
		{98695DAA-CDB7-4175-91D7-3FB0EDEB303B}.SingleImage|x64.ActiveCfg = Release|Any CPU
		{98695DAA-CDB7-4175-91D7-3FB0EDEB303B}.SingleImage|x86.ActiveCfg = Release|Any CPU
	EndGlobalSection
	GlobalSection(SolutionProperties) = preSolution
		HideSolutionNode = FALSE
	EndGlobalSection
EndGlobal
